{
    "version": 3,
    "terraform_version": "0.9.6",
    "serial": 1,
    "lineage": "1bb1fa72-c183-4b7b-961a-45abce00e74d",
    "modules": [
        {
            "path": [
                "root"
            ],
            "outputs": {
                "elb_dns_name": {
                    "sensitive": false,
                    "type": "string",
                    "value": "tf-lb-004171a3946bb7225d90a48cee-2091773516.ap-southeast-2.elb.amazonaws.com"
                }
            },
            "resources": {
                "aws_autoscaling_group.cassandra_on_demand": {
                    "type": "aws_autoscaling_group",
                    "depends_on": [
                        "aws_launch_configuration.cassandra_on_demand"
                    ],
                    "primary": {
                        "id": "Tao-test_cassandra_on_demand",
                        "attributes": {
                            "arn": "arn:aws:autoscaling:ap-southeast-2:885593814922:autoScalingGroup:c78771b7-81c3-44c0-9aca-60c67ac5fd26:autoScalingGroupName/Tao-test_cassandra_on_demand",
                            "availability_zones.#": "2",
                            "availability_zones.3148583350": "ap-southeast-2a",
                            "availability_zones.581091340": "ap-southeast-2b",
                            "default_cooldown": "300",
                            "desired_capacity": "2",
                            "force_delete": "true",
                            "health_check_grace_period": "300",
                            "health_check_type": "EC2",
                            "id": "Tao-test_cassandra_on_demand",
                            "launch_configuration": "terraform-00f2da6799e02dd6ccae69e4ba",
                            "load_balancers.#": "0",
                            "max_size": "50",
                            "metrics_granularity": "1Minute",
                            "min_size": "0",
                            "name": "Tao-test_cassandra_on_demand",
                            "placement_group": "",
                            "protect_from_scale_in": "false",
                            "suspended_processes.#": "0",
                            "tag.#": "1",
                            "tag.223929914.key": "Name",
                            "tag.223929914.propagate_at_launch": "true",
                            "tag.223929914.value": "Tao-test-cassandra-on-demand",
                            "target_group_arns.#": "0",
                            "termination_policies.#": "0",
                            "vpc_zone_identifier.#": "2",
                            "vpc_zone_identifier.3117719356": "subnet-bc0b3fca",
                            "vpc_zone_identifier.3166350362": "subnet-8d7670e9",
                            "wait_for_capacity_timeout": "10m"
                        },
                        "meta": {},
                        "tainted": false
                    },
                    "deposed": [],
                    "provider": ""
                },
                "aws_ecs_cluster.cassandra_cluster": {
                    "type": "aws_ecs_cluster",
                    "depends_on": [],
                    "primary": {
                        "id": "arn:aws:ecs:ap-southeast-2:885593814922:cluster/Tao-test_cassandra_cluster",
                        "attributes": {
                            "id": "arn:aws:ecs:ap-southeast-2:885593814922:cluster/Tao-test_cassandra_cluster",
                            "name": "Tao-test_cassandra_cluster"
                        },
                        "meta": {},
                        "tainted": false
                    },
                    "deposed": [],
                    "provider": ""
                },
                "aws_ecs_service.cassandra_service": {
                    "type": "aws_ecs_service",
                    "depends_on": [
                        "aws_ecs_cluster.cassandra_cluster",
                        "aws_ecs_task_definition.cassandra_definition",
                        "aws_elb.main"
                    ],
                    "primary": {
                        "id": "arn:aws:ecs:ap-southeast-2:885593814922:service/Tao-test_cassandra_service",
                        "attributes": {
                            "cluster": "arn:aws:ecs:ap-southeast-2:885593814922:cluster/Tao-test_cassandra_cluster",
                            "deployment_maximum_percent": "200",
                            "deployment_minimum_healthy_percent": "50",
                            "desired_count": "2",
                            "iam_role": "Tao-test_ecs_service_role",
                            "id": "arn:aws:ecs:ap-southeast-2:885593814922:service/Tao-test_cassandra_service",
                            "load_balancer.#": "1",
                            "load_balancer.2254403962.container_name": "cassandra",
                            "load_balancer.2254403962.container_port": "5000",
                            "load_balancer.2254403962.elb_name": "tf-lb-004171a3946bb7225d90a48cee",
                            "load_balancer.2254403962.target_group_arn": "",
                            "name": "Tao-test_cassandra_service",
                            "placement_constraints.#": "0",
                            "placement_strategy.#": "0",
                            "task_definition": "arn:aws:ecs:ap-southeast-2:885593814922:task-definition/Tao-test_cassandra:1"
                        },
                        "meta": {},
                        "tainted": false
                    },
                    "deposed": [],
                    "provider": ""
                },
                "aws_ecs_task_definition.cassandra_definition": {
                    "type": "aws_ecs_task_definition",
                    "depends_on": [
                        "template_file.task_cassandra"
                    ],
                    "primary": {
                        "id": "Tao-test_cassandra",
                        "attributes": {
                            "arn": "arn:aws:ecs:ap-southeast-2:885593814922:task-definition/Tao-test_cassandra:1",
                            "container_definitions": "d1199db55bd82cbbe3739531a1644b1ac2fe45c0",
                            "family": "Tao-test_cassandra",
                            "id": "Tao-test_cassandra",
                            "network_mode": "",
                            "placement_constraints.#": "0",
                            "revision": "1",
                            "task_role_arn": ""
                        },
                        "meta": {},
                        "tainted": false
                    },
                    "deposed": [],
                    "provider": ""
                },
                "aws_elb.main": {
                    "type": "aws_elb",
                    "depends_on": [],
                    "primary": {
                        "id": "tf-lb-004171a3946bb7225d90a48cee",
                        "attributes": {
                            "access_logs.#": "0",
                            "availability_zones.#": "2",
                            "availability_zones.3148583350": "ap-southeast-2a",
                            "availability_zones.581091340": "ap-southeast-2b",
                            "connection_draining": "true",
                            "connection_draining_timeout": "400",
                            "cross_zone_load_balancing": "true",
                            "dns_name": "tf-lb-004171a3946bb7225d90a48cee-2091773516.ap-southeast-2.elb.amazonaws.com",
                            "health_check.#": "1",
                            "health_check.0.healthy_threshold": "3",
                            "health_check.0.interval": "60",
                            "health_check.0.target": "HTTP:5000/",
                            "health_check.0.timeout": "5",
                            "health_check.0.unhealthy_threshold": "3",
                            "id": "tf-lb-004171a3946bb7225d90a48cee",
                            "idle_timeout": "400",
                            "instances.#": "0",
                            "internal": "false",
                            "listener.#": "1",
                            "listener.996561874.instance_port": "5000",
                            "listener.996561874.instance_protocol": "http",
                            "listener.996561874.lb_port": "80",
                            "listener.996561874.lb_protocol": "http",
                            "listener.996561874.ssl_certificate_id": "",
                            "name": "tf-lb-004171a3946bb7225d90a48cee",
                            "security_groups.#": "1",
                            "security_groups.2762548989": "sg-2a65714d",
                            "source_security_group": "885593814922/Tao-test-cassandra-elbs",
                            "source_security_group_id": "sg-2a65714d",
                            "subnets.#": "2",
                            "subnets.3117719356": "subnet-bc0b3fca",
                            "subnets.3166350362": "subnet-8d7670e9",
                            "tags.%": "1",
                            "tags.Name": "Tao-test_cassandra_elb",
                            "zone_id": "Z1GM3OXH4ZPM65"
                        },
                        "meta": {},
                        "tainted": false
                    },
                    "deposed": [],
                    "provider": ""
                },
                "aws_launch_configuration.cassandra_on_demand": {
                    "type": "aws_launch_configuration",
                    "depends_on": [
                        "template_file.autoscaling_user_data"
                    ],
                    "primary": {
                        "id": "terraform-00f2da6799e02dd6ccae69e4ba",
                        "attributes": {
                            "associate_public_ip_address": "true",
                            "ebs_block_device.#": "0",
                            "ebs_optimized": "false",
                            "enable_monitoring": "true",
                            "ephemeral_block_device.#": "0",
                            "iam_instance_profile": "arn:aws:iam::885593814922:instance-profile/Tao-test_ecs_instance_profile",
                            "id": "terraform-00f2da6799e02dd6ccae69e4ba",
                            "image_id": "ami-42e9f921",
                            "instance_type": "t2.small",
                            "key_name": "Tao-test",
                            "name": "terraform-00f2da6799e02dd6ccae69e4ba",
                            "root_block_device.#": "0",
                            "security_groups.#": "1",
                            "security_groups.2954882637": "sg-e07b6f87",
                            "spot_price": "",
                            "user_data": "a0f923ac8d58db5e546f6f004653ef0b66a551ce",
                            "vpc_classic_link_id": "",
                            "vpc_classic_link_security_groups.#": "0"
                        },
                        "meta": {},
                        "tainted": false
                    },
                    "deposed": [],
                    "provider": ""
                },
                "template_file.autoscaling_user_data": {
                    "type": "template_file",
                    "depends_on": [
                        "aws_ecs_cluster.cassandra_cluster"
                    ],
                    "primary": {
                        "id": "8fb216bf0ed9c43794ff344a883b1ad6aae159973335a9f457da121123599521",
                        "attributes": {
                            "id": "8fb216bf0ed9c43794ff344a883b1ad6aae159973335a9f457da121123599521",
                            "rendered": "#!/bin/bash\nset -x\nset -e\n\n# Update instance\nyum update -y\n\n# Add all things that you want to do here (logging, monitoring, credential from S3, etc)\n\n# Join ECS cluster\necho 'ECS_CLUSTER=Tao-test_cassandra_cluster' \u003e /etc/ecs/ecs.config\nstart ecs\n",
                            "template": "#!/bin/bash\nset -x\nset -e\n\n# Update instance\nyum update -y\n\n# Add all things that you want to do here (logging, monitoring, credential from S3, etc)\n\n# Join ECS cluster\necho 'ECS_CLUSTER=${ecs_cluster}' \u003e /etc/ecs/ecs.config\nstart ecs\n",
                            "vars.%": "1",
                            "vars.ecs_cluster": "Tao-test_cassandra_cluster"
                        },
                        "meta": {},
                        "tainted": false
                    },
                    "deposed": [],
                    "provider": ""
                },
                "template_file.task_cassandra": {
                    "type": "template_file",
                    "depends_on": [],
                    "primary": {
                        "id": "f984f779ae4832590689b86b36d30a4cab5f4b984847d6831e5cdbc694f26460",
                        "attributes": {
                            "id": "f984f779ae4832590689b86b36d30a4cab5f4b984847d6831e5cdbc694f26460",
                            "rendered": "[\n  {\n    \"name\": \"cassandra\",\n    \"image\": \"training/cassandra:latest\",\n    \"cpu\": 512,\n    \"memory\": 512,\n    \"essential\": true,\n    \"portMappings\": [\n      {\n        \"containerPort\": 5000,\n        \"hostPort\": 5000\n      }\n    ],\n    \"command\": [],\n    \"entryPoint\": [],\n    \"links\": [],\n    \"mountPoints\": [],\n    \"volumesFrom\": []\n  }\n]\n",
                            "template": "[\n  {\n    \"name\": \"cassandra\",\n    \"image\": \"${cassandra_docker_image}\",\n    \"cpu\": 512,\n    \"memory\": 512,\n    \"essential\": true,\n    \"portMappings\": [\n      {\n        \"containerPort\": 5000,\n        \"hostPort\": 5000\n      }\n    ],\n    \"command\": [],\n    \"entryPoint\": [],\n    \"links\": [],\n    \"mountPoints\": [],\n    \"volumesFrom\": []\n  }\n]\n",
                            "vars.%": "1",
                            "vars.cassandra_docker_image": "training/cassandra:latest"
                        },
                        "meta": {},
                        "tainted": false
                    },
                    "deposed": [],
                    "provider": ""
                }
            },
            "depends_on": []
        }
    ]
}
